
Microsoft Visual Studio Solution File, Format Version 12.00
# Visual Studio Version 17
VisualStudioVersion = 17.10.34916.146
MinimumVisualStudioVersion = 10.0.40219.1
Project("{FAE04EC0-301F-11D3-BF4B-00C04F79EFBC}") = "LibraryForForm48", "LibraryForForm48\LibraryForForm48.csproj", "{751D3E31-BFF5-4863-8DF8-96882B8BC5C4}"
EndProject
Global
	GlobalSection(SolutionConfigurationPlatforms) = preSolution
		Debug|Any CPU = Debug|Any CPU
		Release|Any CPU = Release|Any CPU
	EndGlobalSection
	GlobalSection(ProjectConfigurationPlatforms) = postSolution
		{751D3E31-BFF5-4863-8DF8-96882B8BC5C4}.Debug|Any CPU.ActiveCfg = Debug|Any CPU
		{751D3E31-BFF5-4863-8DF8-96882B8BC5C4}.Debug|Any CPU.Build.0 = Debug|Any CPU
		{751D3E31-BFF5-4863-8DF8-96882B8BC5C4}.Release|Any CPU.ActiveCfg = Release|Any CPU
		{751D3E31-BFF5-4863-8DF8-96882B8BC5C4}.Release|Any CPU.Build.0 = Release|Any CPU
	EndGlobalSection
	GlobalSection(SolutionProperties) = preSolution
		HideSolutionNode = FALSE
	EndGlobalSection
	GlobalSection(ExtensibilityGlobals) = postSolution
		SolutionGuid = {175EB34A-0199-4DFD-B51B-FEB3C4CDB939}
	EndGlobalSection
EndGlobal
